
Microsoft Visual Studio Solution File, Format Version 12.00
# Visual Studio Version 17
VisualStudioVersion = 17.4.33122.133
MinimumVisualStudioVersion = 10.0.40219.1
Project("{FAE04EC0-301F-11D3-BF4B-00C04F79EFBC}") = "OhshapeULIV-ML", "OhshapeULIV\OhshapeULIV-ML.csproj", "{214B0159-F62B-4285-B024-8F1CBDB0B37F}"
EndProject
Global
	GlobalSection(SolutionConfigurationPlatforms) = preSolution
		Debug|Any CPU = Debug|Any CPU
		Release|Any CPU = Release|Any CPU
	EndGlobalSection
	GlobalSection(ProjectConfigurationPlatforms) = postSolution
		{214B0159-F62B-4285-B024-8F1CBDB0B37F}.Debug|Any CPU.ActiveCfg = Debug|Any CPU
		{214B0159-F62B-4285-B024-8F1CBDB0B37F}.Debug|Any CPU.Build.0 = Debug|Any CPU
		{214B0159-F62B-4285-B024-8F1CBDB0B37F}.Release|Any CPU.ActiveCfg = Release|Any CPU
		{214B0159-F62B-4285-B024-8F1CBDB0B37F}.Release|Any CPU.Build.0 = Release|Any CPU
	EndGlobalSection
	GlobalSection(SolutionProperties) = preSolution
		HideSolutionNode = FALSE
	EndGlobalSection
	GlobalSection(ExtensibilityGlobals) = postSolution
		SolutionGuid = {40C1ABA0-79B6-4787-B77D-A881C74982EC}
	EndGlobalSection
EndGlobal
